
Microsoft Visual Studio Solution File, Format Version 12.00
# Visual Studio Version 17
VisualStudioVersion = 17.1.32407.343
MinimumVisualStudioVersion = 10.0.40219.1
Project("{FAE04EC0-301F-11D3-BF4B-00C04F79EFBC}") = "Lesson1_T_Task", "Lesson1\Lesson1_T_Task.csproj", "{16788CD4-F30D-4248-9D20-FCCA076057D4}"
EndProject
Project("{FAE04EC0-301F-11D3-BF4B-00C04F79EFBC}") = "Lesson1_GB_Task", "Lesson1_GB_Task\Lesson1_GB_Task.csproj", "{CAF22B28-6638-49DB-8CE0-5CFA8003612D}"
EndProject
Global
	GlobalSection(SolutionConfigurationPlatforms) = preSolution
		Debug|Any CPU = Debug|Any CPU
		Release|Any CPU = Release|Any CPU
	EndGlobalSection
	GlobalSection(ProjectConfigurationPlatforms) = postSolution
		{16788CD4-F30D-4248-9D20-FCCA076057D4}.Debug|Any CPU.ActiveCfg = Debug|Any CPU
		{16788CD4-F30D-4248-9D20-FCCA076057D4}.Debug|Any CPU.Build.0 = Debug|Any CPU
		{16788CD4-F30D-4248-9D20-FCCA076057D4}.Release|Any CPU.ActiveCfg = Release|Any CPU
		{16788CD4-F30D-4248-9D20-FCCA076057D4}.Release|Any CPU.Build.0 = Release|Any CPU
		{CAF22B28-6638-49DB-8CE0-5CFA8003612D}.Debug|Any CPU.ActiveCfg = Debug|Any CPU
		{CAF22B28-6638-49DB-8CE0-5CFA8003612D}.Debug|Any CPU.Build.0 = Debug|Any CPU
		{CAF22B28-6638-49DB-8CE0-5CFA8003612D}.Release|Any CPU.ActiveCfg = Release|Any CPU
		{CAF22B28-6638-49DB-8CE0-5CFA8003612D}.Release|Any CPU.Build.0 = Release|Any CPU
	EndGlobalSection
	GlobalSection(SolutionProperties) = preSolution
		HideSolutionNode = FALSE
	EndGlobalSection
	GlobalSection(ExtensibilityGlobals) = postSolution
		SolutionGuid = {7A50EAC4-B6FD-40CB-A687-D221E7BCFCBF}
	EndGlobalSection
EndGlobal
