
Microsoft Visual Studio Solution File, Format Version 12.00
# Visual Studio Version 17
VisualStudioVersion = 17.1.32407.343
MinimumVisualStudioVersion = 10.0.40219.1
Project("{FAE04EC0-301F-11D3-BF4B-00C04F79EFBC}") = "Lesson4", "Lesson4.csproj", "{0BB5663F-B6BC-458D-A69D-F1F46E97D527}"
EndProject
Global
	GlobalSection(SolutionConfigurationPlatforms) = preSolution
		Debug|Any CPU = Debug|Any CPU
		Release|Any CPU = Release|Any CPU
	EndGlobalSection
	GlobalSection(ProjectConfigurationPlatforms) = postSolution
		{0BB5663F-B6BC-458D-A69D-F1F46E97D527}.Debug|Any CPU.ActiveCfg = Debug|Any CPU
		{0BB5663F-B6BC-458D-A69D-F1F46E97D527}.Debug|Any CPU.Build.0 = Debug|Any CPU
		{0BB5663F-B6BC-458D-A69D-F1F46E97D527}.Release|Any CPU.ActiveCfg = Release|Any CPU
		{0BB5663F-B6BC-458D-A69D-F1F46E97D527}.Release|Any CPU.Build.0 = Release|Any CPU
	EndGlobalSection
	GlobalSection(SolutionProperties) = preSolution
		HideSolutionNode = FALSE
	EndGlobalSection
	GlobalSection(ExtensibilityGlobals) = postSolution
		SolutionGuid = {64FE9AEA-4498-4451-AF36-B1930DFB72CD}
	EndGlobalSection
EndGlobal
