
Microsoft Visual Studio Solution File, Format Version 12.00
# Visual Studio Version 17
VisualStudioVersion = 17.1.32407.343
MinimumVisualStudioVersion = 10.0.40219.1
Project("{FAE04EC0-301F-11D3-BF4B-00C04F79EFBC}") = "EmployeesWebApplication", "EmployyesWebApplication\EmployeesWebApplication.csproj", "{EEAF3239-D88F-42E0-A1A9-073BD56EA919}"
EndProject
Global
	GlobalSection(SolutionConfigurationPlatforms) = preSolution
		Debug|Any CPU = Debug|Any CPU
		Release|Any CPU = Release|Any CPU
	EndGlobalSection
	GlobalSection(ProjectConfigurationPlatforms) = postSolution
		{EEAF3239-D88F-42E0-A1A9-073BD56EA919}.Debug|Any CPU.ActiveCfg = Debug|Any CPU
		{EEAF3239-D88F-42E0-A1A9-073BD56EA919}.Debug|Any CPU.Build.0 = Debug|Any CPU
		{EEAF3239-D88F-42E0-A1A9-073BD56EA919}.Release|Any CPU.ActiveCfg = Release|Any CPU
		{EEAF3239-D88F-42E0-A1A9-073BD56EA919}.Release|Any CPU.Build.0 = Release|Any CPU
	EndGlobalSection
	GlobalSection(SolutionProperties) = preSolution
		HideSolutionNode = FALSE
	EndGlobalSection
	GlobalSection(ExtensibilityGlobals) = postSolution
		SolutionGuid = {08B315B0-EC42-4A53-B0BF-901CF9573430}
	EndGlobalSection
EndGlobal
